// !$*UTF8*$!
{
	archiveVersion = 1;
	classes = {
	};
	objectVersion = 48;
	objects = {

/* Begin PBXBuildFile section */
		9631F1E5200892BA00B91E93 /* AppDelegate.swift in Sources */ = {isa = PBXBuildFile; fileRef = 9631F1E4200892BA00B91E93 /* AppDelegate.swift */; };
		9631F1E7200892BA00B91E93 /* ViewController.swift in Sources */ = {isa = PBXBuildFile; fileRef = 9631F1E6200892BA00B91E93 /* ViewController.swift */; };
		9631F1EA200892BA00B91E93 /* Main.storyboard in Resources */ = {isa = PBXBuildFile; fileRef = 9631F1E8200892BA00B91E93 /* Main.storyboard */; };
		9631F1EC200892BA00B91E93 /* Assets.xcassets in Resources */ = {isa = PBXBuildFile; fileRef = 9631F1EB200892BA00B91E93 /* Assets.xcassets */; };
		9631F1EF200892BA00B91E93 /* LaunchScreen.storyboard in Resources */ = {isa = PBXBuildFile; fileRef = 9631F1ED200892BA00B91E93 /* LaunchScreen.storyboard */; };
		9631F1FA200892BA00B91E93 /* nogizaka_1Tests.swift in Sources */ = {isa = PBXBuildFile; fileRef = 9631F1F9200892BA00B91E93 /* nogizaka_1Tests.swift */; };
		9631F205200892BA00B91E93 /* nogizaka_1UITests.swift in Sources */ = {isa = PBXBuildFile; fileRef = 9631F204200892BA00B91E93 /* nogizaka_1UITests.swift */; };
/* End PBXBuildFile section */

/* Begin PBXContainerItemProxy section */
		9631F1F6200892BA00B91E93 /* PBXContainerItemProxy */ = {
			isa = PBXContainerItemProxy;
			containerPortal = 9631F1D9200892B900B91E93 /* Project object */;
			proxyType = 1;
			remoteGlobalIDString = 9631F1E0200892B900B91E93;
			remoteInfo = "nogizaka-1";
		};
		9631F201200892BA00B91E93 /* PBXContainerItemProxy */ = {
			isa = PBXContainerItemProxy;
			containerPortal = 9631F1D9200892B900B91E93 /* Project object */;
			proxyType = 1;
			remoteGlobalIDString = 9631F1E0200892B900B91E93;
			remoteInfo = "nogizaka-1";
		};
/* End PBXContainerItemProxy section */

/* Begin PBXFileReference section */
		9631F1E1200892BA00B91E93 /* nogizaka-1.app */ = {isa = PBXFileReference; explicitFileType = wrapper.application; includeInIndex = 0; path = "nogizaka-1.app"; sourceTree = BUILT_PRODUCTS_DIR; };
		9631F1E4200892BA00B91E93 /* AppDelegate.swift */ = {isa = PBXFileReference; lastKnownFileType = sourcecode.swift; path = AppDelegate.swift; sourceTree = "<group>"; };
		9631F1E6200892BA00B91E93 /* ViewController.swift */ = {isa = PBXFileReference; lastKnownFileType = sourcecode.swift; path = ViewController.swift; sourceTree = "<group>"; };
		9631F1E9200892BA00B91E93 /* Base */ = {isa = PBXFileReference; lastKnownFileType = file.storyboard; name = Base; path = Base.lproj/Main.storyboard; sourceTree = "<group>"; };
		9631F1EB200892BA00B91E93 /* Assets.xcassets */ = {isa = PBXFileReference; lastKnownFileType = folder.assetcatalog; path = Assets.xcassets; sourceTree = "<group>"; };
		9631F1EE200892BA00B91E93 /* Base */ = {isa = PBXFileReference; lastKnownFileType = file.storyboard; name = Base; path = Base.lproj/LaunchScreen.storyboard; sourceTree = "<group>"; };
		9631F1F0200892BA00B91E93 /* Info.plist */ = {isa = PBXFileReference; lastKnownFileType = text.plist.xml; path = Info.plist; sourceTree = "<group>"; };
		9631F1F5200892BA00B91E93 /* nogizaka-1Tests.xctest */ = {isa = PBXFileReference; explicitFileType = wrapper.cfbundle; includeInIndex = 0; path = "nogizaka-1Tests.xctest"; sourceTree = BUILT_PRODUCTS_DIR; };
		9631F1F9200892BA00B91E93 /* nogizaka_1Tests.swift */ = {isa = PBXFileReference; lastKnownFileType = sourcecode.swift; path = nogizaka_1Tests.swift; sourceTree = "<group>"; };
		9631F1FB200892BA00B91E93 /* Info.plist */ = {isa = PBXFileReference; lastKnownFileType = text.plist.xml; path = Info.plist; sourceTree = "<group>"; };
		9631F200200892BA00B91E93 /* nogizaka-1UITests.xctest */ = {isa = PBXFileReference; explicitFileType = wrapper.cfbundle; includeInIndex = 0; path = "nogizaka-1UITests.xctest"; sourceTree = BUILT_PRODUCTS_DIR; };
		9631F204200892BA00B91E93 /* nogizaka_1UITests.swift */ = {isa = PBXFileReference; lastKnownFileType = sourcecode.swift; path = nogizaka_1UITests.swift; sourceTree = "<group>"; };
		9631F206200892BA00B91E93 /* Info.plist */ = {isa = PBXFileReference; lastKnownFileType = text.plist.xml; path = Info.plist; sourceTree = "<group>"; };
/* End PBXFileReference section */

/* Begin PBXFrameworksBuildPhase section */
		9631F1DE200892B900B91E93 /* Frameworks */ = {
			isa = PBXFrameworksBuildPhase;
			buildActionMask = 2147483647;
			files = (
			);
			runOnlyForDeploymentPostprocessing = 0;
		};
		9631F1F2200892BA00B91E93 /* Frameworks */ = {
			isa = PBXFrameworksBuildPhase;
			buildActionMask = 2147483647;
			files = (
			);
			runOnlyForDeploymentPostprocessing = 0;
		};
		9631F1FD200892BA00B91E93 /* Frameworks */ = {
			isa = PBXFrameworksBuildPhase;
			buildActionMask = 2147483647;
			files = (
			);
			runOnlyForDeploymentPostprocessing = 0;
		};
/* End PBXFrameworksBuildPhase section */

/* Begin PBXGroup section */
		9631F1D8200892B900B91E93 = {
			isa = PBXGroup;
			children = (
				9631F1E3200892BA00B91E93 /* nogizaka-1 */,
				9631F1F8200892BA00B91E93 /* nogizaka-1Tests */,
				9631F203200892BA00B91E93 /* nogizaka-1UITests */,
				9631F1E2200892BA00B91E93 /* Products */,
			);
			sourceTree = "<group>";
		};
		9631F1E2200892BA00B91E93 /* Products */ = {
			isa = PBXGroup;
			children = (
				9631F1E1200892BA00B91E93 /* nogizaka-1.app */,
				9631F1F5200892BA00B91E93 /* nogizaka-1Tests.xctest */,
				9631F200200892BA00B91E93 /* nogizaka-1UITests.xctest */,
			);
			name = Products;
			sourceTree = "<group>";
		};
		9631F1E3200892BA00B91E93 /* nogizaka-1 */ = {
			isa = PBXGroup;
			children = (
				9631F1E4200892BA00B91E93 /* AppDelegate.swift */,
				9631F1E6200892BA00B91E93 /* ViewController.swift */,
				9631F1E8200892BA00B91E93 /* Main.storyboard */,
				9631F1EB200892BA00B91E93 /* Assets.xcassets */,
				9631F1ED200892BA00B91E93 /* LaunchScreen.storyboard */,
				9631F1F0200892BA00B91E93 /* Info.plist */,
			);
			path = "nogizaka-1";
			sourceTree = "<group>";
		};
		9631F1F8200892BA00B91E93 /* nogizaka-1Tests */ = {
			isa = PBXGroup;
			children = (
				9631F1F9200892BA00B91E93 /* nogizaka_1Tests.swift */,
				9631F1FB200892BA00B91E93 /* Info.plist */,
			);
			path = "nogizaka-1Tests";
			sourceTree = "<group>";
		};
		9631F203200892BA00B91E93 /* nogizaka-1UITests */ = {
			isa = PBXGroup;
			children = (
				9631F204200892BA00B91E93 /* nogizaka_1UITests.swift */,
				9631F206200892BA00B91E93 /* Info.plist */,
			);
			path = "nogizaka-1UITests";
			sourceTree = "<group>";
		};
/* End PBXGroup section */

/* Begin PBXNativeTarget section */
		9631F1E0200892B900B91E93 /* nogizaka-1 */ = {
			isa = PBXNativeTarget;
			buildConfigurationList = 9631F209200892BA00B91E93 /* Build configuration list for PBXNativeTarget "nogizaka-1" */;
			buildPhases = (
				9631F1DD200892B900B91E93 /* Sources */,
				9631F1DE200892B900B91E93 /* Frameworks */,
				9631F1DF200892B900B91E93 /* Resources */,
			);
			buildRules = (
			);
			dependencies = (
			);
			name = "nogizaka-1";
			productName = "nogizaka-1";
			productReference = 9631F1E1200892BA00B91E93 /* nogizaka-1.app */;
			productType = "com.apple.product-type.application";
		};
		9631F1F4200892BA00B91E93 /* nogizaka-1Tests */ = {
			isa = PBXNativeTarget;
			buildConfigurationList = 9631F20C200892BA00B91E93 /* Build configuration list for PBXNativeTarget "nogizaka-1Tests" */;
			buildPhases = (
				9631F1F1200892BA00B91E93 /* Sources */,
				9631F1F2200892BA00B91E93 /* Frameworks */,
				9631F1F3200892BA00B91E93 /* Resources */,
			);
			buildRules = (
			);
			dependencies = (
				9631F1F7200892BA00B91E93 /* PBXTargetDependency */,
			);
			name = "nogizaka-1Tests";
			productName = "nogizaka-1Tests";
			productReference = 9631F1F5200892BA00B91E93 /* nogizaka-1Tests.xctest */;
			productType = "com.apple.product-type.bundle.unit-test";
		};
		9631F1FF200892BA00B91E93 /* nogizaka-1UITests */ = {
			isa = PBXNativeTarget;
			buildConfigurationList = 9631F20F200892BA00B91E93 /* Build configuration list for PBXNativeTarget "nogizaka-1UITests" */;
			buildPhases = (
				9631F1FC200892BA00B91E93 /* Sources */,
				9631F1FD200892BA00B91E93 /* Frameworks */,
				9631F1FE200892BA00B91E93 /* Resources */,
			);
			buildRules = (
			);
			dependencies = (
				9631F202200892BA00B91E93 /* PBXTargetDependency */,
			);
			name = "nogizaka-1UITests";
			productName = "nogizaka-1UITests";
			productReference = 9631F200200892BA00B91E93 /* nogizaka-1UITests.xctest */;
			productType = "com.apple.product-type.bundle.ui-testing";
		};
/* End PBXNativeTarget section */

/* Begin PBXProject section */
		9631F1D9200892B900B91E93 /* Project object */ = {
			isa = PBXProject;
			attributes = {
				LastSwiftUpdateCheck = 0920;
				LastUpgradeCheck = 0920;
				ORGANIZATIONNAME = "kentaro kusumi";
				TargetAttributes = {
					9631F1E0200892B900B91E93 = {
						CreatedOnToolsVersion = 9.2;
						ProvisioningStyle = Automatic;
					};
					9631F1F4200892BA00B91E93 = {
						CreatedOnToolsVersion = 9.2;
						ProvisioningStyle = Automatic;
						TestTargetID = 9631F1E0200892B900B91E93;
					};
					9631F1FF200892BA00B91E93 = {
						CreatedOnToolsVersion = 9.2;
						ProvisioningStyle = Automatic;
						TestTargetID = 9631F1E0200892B900B91E93;
					};
				};
			};
			buildConfigurationList = 9631F1DC200892B900B91E93 /* Build configuration list for PBXProject "nogizaka-1" */;
			compatibilityVersion = "Xcode 8.0";
			developmentRegion = en;
			hasScannedForEncodings = 0;
			knownRegions = (
				en,
				Base,
			);
			mainGroup = 9631F1D8200892B900B91E93;
			productRefGroup = 9631F1E2200892BA00B91E93 /* Products */;
			projectDirPath = "";
			projectRoot = "";
			targets = (
				9631F1E0200892B900B91E93 /* nogizaka-1 */,
				9631F1F4200892BA00B91E93 /* nogizaka-1Tests */,
				9631F1FF200892BA00B91E93 /* nogizaka-1UITests */,
			);
		};
/* End PBXProject section */

/* Begin PBXResourcesBuildPhase section */
		9631F1DF200892B900B91E93 /* Resources */ = {
			isa = PBXResourcesBuildPhase;
			buildActionMask = 2147483647;
			files = (
				9631F1EF200892BA00B91E93 /* LaunchScreen.storyboard in Resources */,
				9631F1EC200892BA00B91E93 /* Assets.xcassets in Resources */,
				9631F1EA200892BA00B91E93 /* Main.storyboard in Resources */,
			);
			runOnlyForDeploymentPostprocessing = 0;
		};
		9631F1F3200892BA00B91E93 /* Resources */ = {
			isa = PBXResourcesBuildPhase;
			buildActionMask = 2147483647;
			files = (
			);
			runOnlyForDeploymentPostprocessing = 0;
		};
		9631F1FE200892BA00B91E93 /* Resources */ = {
			isa = PBXResourcesBuildPhase;
			buildActionMask = 2147483647;
			files = (
			);
			runOnlyForDeploymentPostprocessing = 0;
		};
/* End PBXResourcesBuildPhase section */

/* Begin PBXSourcesBuildPhase section */
		9631F1DD200892B900B91E93 /* Sources */ = {
			isa = PBXSourcesBuildPhase;
			buildActionMask = 2147483647;
			files = (
				9631F1E7200892BA00B91E93 /* ViewController.swift in Sources */,
				9631F1E5200892BA00B91E93 /* AppDelegate.swift in Sources */,
			);
			runOnlyForDeploymentPostprocessing = 0;
		};
		9631F1F1200892BA00B91E93 /* Sources */ = {
			isa = PBXSourcesBuildPhase;
			buildActionMask = 2147483647;
			files = (
				9631F1FA200892BA00B91E93 /* nogizaka_1Tests.swift in Sources */,
			);
			runOnlyForDeploymentPostprocessing = 0;
		};
		9631F1FC200892BA00B91E93 /* Sources */ = {
			isa = PBXSourcesBuildPhase;
			buildActionMask = 2147483647;
			files = (
				9631F205200892BA00B91E93 /* nogizaka_1UITests.swift in Sources */,
			);
			runOnlyForDeploymentPostprocessing = 0;
		};
/* End PBXSourcesBuildPhase section */

/* Begin PBXTargetDependency section */
		9631F1F7200892BA00B91E93 /* PBXTargetDependency */ = {
			isa = PBXTargetDependency;
			target = 9631F1E0200892B900B91E93 /* nogizaka-1 */;
			targetProxy = 9631F1F6200892BA00B91E93 /* PBXContainerItemProxy */;
		};
		9631F202200892BA00B91E93 /* PBXTargetDependency */ = {
			isa = PBXTargetDependency;
			target = 9631F1E0200892B900B91E93 /* nogizaka-1 */;
			targetProxy = 9631F201200892BA00B91E93 /* PBXContainerItemProxy */;
		};
/* End PBXTargetDependency section */

/* Begin PBXVariantGroup section */
		9631F1E8200892BA00B91E93 /* Main.storyboard */ = {
			isa = PBXVariantGroup;
			children = (
				9631F1E9200892BA00B91E93 /* Base */,
			);
			name = Main.storyboard;
			sourceTree = "<group>";
		};
		9631F1ED200892BA00B91E93 /* LaunchScreen.storyboard */ = {
			isa = PBXVariantGroup;
			children = (
				9631F1EE200892BA00B91E93 /* Base */,
			);
			name = LaunchScreen.storyboard;
			sourceTree = "<group>";
		};
/* End PBXVariantGroup section */

/* Begin XCBuildConfiguration section */
		9631F207200892BA00B91E93 /* Debug */ = {
			isa = XCBuildConfiguration;
			buildSettings = {
				ALWAYS_SEARCH_USER_PATHS = NO;
				CLANG_ANALYZER_NONNULL = YES;
				CLANG_ANALYZER_NUMBER_OBJECT_CONVERSION = YES_AGGRESSIVE;
				CLANG_CXX_LANGUAGE_STANDARD = "gnu++14";
				CLANG_CXX_LIBRARY = "libc++";
				CLANG_ENABLE_MODULES = YES;
				CLANG_ENABLE_OBJC_ARC = YES;
				CLANG_WARN_BLOCK_CAPTURE_AUTORELEASING = YES;
				CLANG_WARN_BOOL_CONVERSION = YES;
				CLANG_WARN_COMMA = YES;
				CLANG_WARN_CONSTANT_CONVERSION = YES;
				CLANG_WARN_DIRECT_OBJC_ISA_USAGE = YES_ERROR;
				CLANG_WARN_DOCUMENTATION_COMMENTS = YES;
				CLANG_WARN_EMPTY_BODY = YES;
				CLANG_WARN_ENUM_CONVERSION = YES;
				CLANG_WARN_INFINITE_RECURSION = YES;
				CLANG_WARN_INT_CONVERSION = YES;
				CLANG_WARN_NON_LITERAL_NULL_CONVERSION = YES;
				CLANG_WARN_OBJC_LITERAL_CONVERSION = YES;
				CLANG_WARN_OBJC_ROOT_CLASS = YES_ERROR;
				CLANG_WARN_RANGE_LOOP_ANALYSIS = YES;
				CLANG_WARN_STRICT_PROTOTYPES = YES;
				CLANG_WARN_SUSPICIOUS_MOVE = YES;
				CLANG_WARN_UNGUARDED_AVAILABILITY = YES_AGGRESSIVE;
				CLANG_WARN_UNREACHABLE_CODE = YES;
				CLANG_WARN__DUPLICATE_METHOD_MATCH = YES;
				CODE_SIGN_IDENTITY = "iPhone Developer";
				COPY_PHASE_STRIP = NO;
				DEBUG_INFORMATION_FORMAT = dwarf;
				ENABLE_STRICT_OBJC_MSGSEND = YES;
				ENABLE_TESTABILITY = YES;
				GCC_C_LANGUAGE_STANDARD = gnu11;
				GCC_DYNAMIC_NO_PIC = NO;
				GCC_NO_COMMON_BLOCKS = YES;
				GCC_OPTIMIZATION_LEVEL = 0;
				GCC_PREPROCESSOR_DEFINITIONS = (
					"DEBUG=1",
					"$(inherited)",
				);
				GCC_WARN_64_TO_32_BIT_CONVERSION = YES;
				GCC_WARN_ABOUT_RETURN_TYPE = YES_ERROR;
				GCC_WARN_UNDECLARED_SELECTOR = YES;
				GCC_WARN_UNINITIALIZED_AUTOS = YES_AGGRESSIVE;
				GCC_WARN_UNUSED_FUNCTION = YES;
				GCC_WARN_UNUSED_VARIABLE = YES;
				IPHONEOS_DEPLOYMENT_TARGET = 11.2;
				MTL_ENABLE_DEBUG_INFO = YES;
				ONLY_ACTIVE_ARCH = YES;
				SDKROOT = iphoneos;
				SWIFT_ACTIVE_COMPILATION_CONDITIONS = DEBUG;
				SWIFT_OPTIMIZATION_LEVEL = "-Onone";
			};
			name = Debug;
		};
		9631F208200892BA00B91E93 /* Release */ = {
			isa = XCBuildConfiguration;
			buildSettings = {
				ALWAYS_SEARCH_USER_PATHS = NO;
				CLANG_ANALYZER_NONNULL = YES;
				CLANG_ANALYZER_NUMBER_OBJECT_CONVERSION = YES_AGGRESSIVE;
				CLANG_CXX_LANGUAGE_STANDARD = "gnu++14";
				CLANG_CXX_LIBRARY = "libc++";
				CLANG_ENABLE_MODULES = YES;
				CLANG_ENABLE_OBJC_ARC = YES;
				CLANG_WARN_BLOCK_CAPTURE_AUTORELEASING = YES;
				CLANG_WARN_BOOL_CONVERSION = YES;
				CLANG_WARN_COMMA = YES;
				CLANG_WARN_CONSTANT_CONVERSION = YES;
				CLANG_WARN_DIRECT_OBJC_ISA_USAGE = YES_ERROR;
				CLANG_WARN_DOCUMENTATION_COMMENTS = YES;
				CLANG_WARN_EMPTY_BODY = YES;
				CLANG_WARN_ENUM_CONVERSION = YES;
				CLANG_WARN_INFINITE_RECURSION = YES;
				CLANG_WARN_INT_CONVERSION = YES;
				CLANG_WARN_NON_LITERAL_NULL_CONVERSION = YES;
				CLANG_WARN_OBJC_LITERAL_CONVERSION = YES;
				CLANG_WARN_OBJC_ROOT_CLASS = YES_ERROR;
				CLANG_WARN_RANGE_LOOP_ANALYSIS = YES;
				CLANG_WARN_STRICT_PROTOTYPES = YES;
				CLANG_WARN_SUSPICIOUS_MOVE = YES;
				CLANG_WARN_UNGUARDED_AVAILABILITY = YES_AGGRESSIVE;
				CLANG_WARN_UNREACHABLE_CODE = YES;
				CLANG_WARN__DUPLICATE_METHOD_MATCH = YES;
				CODE_SIGN_IDENTITY = "iPhone Developer";
				COPY_PHASE_STRIP = NO;
				DEBUG_INFORMATION_FORMAT = "dwarf-with-dsym";
				ENABLE_NS_ASSERTIONS = NO;
				ENABLE_STRICT_OBJC_MSGSEND = YES;
				GCC_C_LANGUAGE_STANDARD = gnu11;
				GCC_NO_COMMON_BLOCKS = YES;
				GCC_WARN_64_TO_32_BIT_CONVERSION = YES;
				GCC_WARN_ABOUT_RETURN_TYPE = YES_ERROR;
				GCC_WARN_UNDECLARED_SELECTOR = YES;
				GCC_WARN_UNINITIALIZED_AUTOS = YES_AGGRESSIVE;
				GCC_WARN_UNUSED_FUNCTION = YES;
				GCC_WARN_UNUSED_VARIABLE = YES;
				IPHONEOS_DEPLOYMENT_TARGET = 11.2;
				MTL_ENABLE_DEBUG_INFO = NO;
				SDKROOT = iphoneos;
				SWIFT_OPTIMIZATION_LEVEL = "-Owholemodule";
				VALIDATE_PRODUCT = YES;
			};
			name = Release;
		};
		9631F20A200892BA00B91E93 /* Debug */ = {
			isa = XCBuildConfiguration;
			buildSettings = {
				ASSETCATALOG_COMPILER_APPICON_NAME = AppIcon;
				CODE_SIGN_STYLE = Automatic;
				INFOPLIST_FILE = "nogizaka-1/Info.plist";
				LD_RUNPATH_SEARCH_PATHS = "$(inherited) @executable_path/Frameworks";
				PRODUCT_BUNDLE_IDENTIFIER = "kenmikanproducts.nogizaka-1";
				PRODUCT_NAME = "$(TARGET_NAME)";
				SWIFT_VERSION = 4.0;
				TARGETED_DEVICE_FAMILY = "1,2";
			};
			name = Debug;
		};
		9631F20B200892BA00B91E93 /* Release */ = {
			isa = XCBuildConfiguration;
			buildSettings = {
				ASSETCATALOG_COMPILER_APPICON_NAME = AppIcon;
				CODE_SIGN_STYLE = Automatic;
				INFOPLIST_FILE = "nogizaka-1/Info.plist";
				LD_RUNPATH_SEARCH_PATHS = "$(inherited) @executable_path/Frameworks";
				PRODUCT_BUNDLE_IDENTIFIER = "kenmikanproducts.nogizaka-1";
				PRODUCT_NAME = "$(TARGET_NAME)";
				SWIFT_VERSION = 4.0;
				TARGETED_DEVICE_FAMILY = "1,2";
			};
			name = Release;
		};
		9631F20D200892BA00B91E93 /* Debug */ = {
			isa = XCBuildConfiguration;
			buildSettings = {
				ALWAYS_EMBED_SWIFT_STANDARD_LIBRARIES = YES;
				BUNDLE_LOADER = "$(TEST_HOST)";
				CODE_SIGN_STYLE = Automatic;
				INFOPLIST_FILE = "nogizaka-1Tests/Info.plist";
				LD_RUNPATH_SEARCH_PATHS = "$(inherited) @executable_path/Frameworks @loader_path/Frameworks";
				PRODUCT_BUNDLE_IDENTIFIER = "kenmikanproducts.nogizaka-1Tests";
				PRODUCT_NAME = "$(TARGET_NAME)";
				SWIFT_VERSION = 4.0;
				TARGETED_DEVICE_FAMILY = "1,2";
				TEST_HOST = "$(BUILT_PRODUCTS_DIR)/nogizaka-1.app/nogizaka-1";
			};
			name = Debug;
		};
		9631F20E200892BA00B91E93 /* Release */ = {
			isa = XCBuildConfiguration;
			buildSettings = {
				ALWAYS_EMBED_SWIFT_STANDARD_LIBRARIES = YES;
				BUNDLE_LOADER = "$(TEST_HOST)";
				CODE_SIGN_STYLE = Automatic;
				INFOPLIST_FILE = "nogizaka-1Tests/Info.plist";
				LD_RUNPATH_SEARCH_PATHS = "$(inherited) @executable_path/Frameworks @loader_path/Frameworks";
				PRODUCT_BUNDLE_IDENTIFIER = "kenmikanproducts.nogizaka-1Tests";
				PRODUCT_NAME = "$(TARGET_NAME)";
				SWIFT_VERSION = 4.0;
				TARGETED_DEVICE_FAMILY = "1,2";
				TEST_HOST = "$(BUILT_PRODUCTS_DIR)/nogizaka-1.app/nogizaka-1";
			};
			name = Release;
		};
		9631F210200892BA00B91E93 /* Debug */ = {
			isa = XCBuildConfiguration;
			buildSettings = {
				ALWAYS_EMBED_SWIFT_STANDARD_LIBRARIES = YES;
				CODE_SIGN_STYLE = Automatic;
				INFOPLIST_FILE = "nogizaka-1UITests/Info.plist";
				LD_RUNPATH_SEARCH_PATHS = "$(inherited) @executable_path/Frameworks @loader_path/Frameworks";
				PRODUCT_BUNDLE_IDENTIFIER = "kenmikanproducts.nogizaka-1UITests";
				PRODUCT_NAME = "$(TARGET_NAME)";
				SWIFT_VERSION = 4.0;
				TARGETED_DEVICE_FAMILY = "1,2";
				TEST_TARGET_NAME = "nogizaka-1";
			};
			name = Debug;
		};
		9631F211200892BA00B91E93 /* Release */ = {
			isa = XCBuildConfiguration;
			buildSettings = {
				ALWAYS_EMBED_SWIFT_STANDARD_LIBRARIES = YES;
				CODE_SIGN_STYLE = Automatic;
				INFOPLIST_FILE = "nogizaka-1UITests/Info.plist";
				LD_RUNPATH_SEARCH_PATHS = "$(inherited) @executable_path/Frameworks @loader_path/Frameworks";
				PRODUCT_BUNDLE_IDENTIFIER = "kenmikanproducts.nogizaka-1UITests";
				PRODUCT_NAME = "$(TARGET_NAME)";
				SWIFT_VERSION = 4.0;
				TARGETED_DEVICE_FAMILY = "1,2";
				TEST_TARGET_NAME = "nogizaka-1";
			};
			name = Release;
		};
/* End XCBuildConfiguration section */

/* Begin XCConfigurationList section */
		9631F1DC200892B900B91E93 /* Build configuration list for PBXProject "nogizaka-1" */ = {
			isa = XCConfigurationList;
			buildConfigurations = (
				9631F207200892BA00B91E93 /* Debug */,
				9631F208200892BA00B91E93 /* Release */,
			);
			defaultConfigurationIsVisible = 0;
			defaultConfigurationName = Release;
		};
		9631F209200892BA00B91E93 /* Build configuration list for PBXNativeTarget "nogizaka-1" */ = {
			isa = XCConfigurationList;
			buildConfigurations = (
				9631F20A200892BA00B91E93 /* Debug */,
				9631F20B200892BA00B91E93 /* Release */,
			);
			defaultConfigurationIsVisible = 0;
			defaultConfigurationName = Release;
		};
		9631F20C200892BA00B91E93 /* Build configuration list for PBXNativeTarget "nogizaka-1Tests" */ = {
			isa = XCConfigurationList;
			buildConfigurations = (
				9631F20D200892BA00B91E93 /* Debug */,
				9631F20E200892BA00B91E93 /* Release */,
			);
			defaultConfigurationIsVisible = 0;
			defaultConfigurationName = Release;
		};
		9631F20F200892BA00B91E93 /* Build configuration list for PBXNativeTarget "nogizaka-1UITests" */ = {
			isa = XCConfigurationList;
			buildConfigurations = (
				9631F210200892BA00B91E93 /* Debug */,
				9631F211200892BA00B91E93 /* Release */,
			);
			defaultConfigurationIsVisible = 0;
			defaultConfigurationName = Release;
		};
/* End XCConfigurationList section */
	};
	rootObject = 9631F1D9200892B900B91E93 /* Project object */;
}
