// !$*UTF8*$!
{
	archiveVersion = 1;
	classes = {
	};
	objectVersion = 48;
	objects = {

/* Begin PBXBuildFile section */
		9631F1E5200892BA00B91E93 /* AppDelegate.swift in Sources */ = {isa = PBXBuildFile; fileRef = 9631F1E4200892BA00B91E93 /* AppDelegate.swift */; };
		9631F1E7200892BA00B91E93 /* ViewController.swift in Sources */ = {isa = PBXBuildFile; fileRef = 9631F1E6200892BA00B91E93 /* ViewController.swift */; };
		9631F1EA200892BA00B91E93 /* Main.storyboard in Resources */ = {isa = PBXBuildFile; fileRef = 9631F1E8200892BA00B91E93 /* Main.storyboard */; };
		9631F1EC200892BA00B91E93 /* Assets.xcassets in Resources */ = {isa = PBXBuildFile; fileRef = 9631F1EB200892BA00B91E93 /* Assets.xcassets */; };
		9631F1EF200892BA00B91E93 /* LaunchScreen.storyboard in Resources */ = {isa = PBXBuildFile; fileRef = 9631F1ED200892BA00B91E93 /* LaunchScreen.storyboard */; };
		9631F1FA200892BA00B91E93 /* nogizaka_1Tests.swift in Sources */ = {isa = PBXBuildFile; fileRef = 9631F1F9200892BA00B91E93 /* nogizaka_1Tests.swift */; };
		9631F205200892BA00B91E93 /* nogizaka_1UITests.swift in Sources */ = {isa = PBXBuildFile; fileRef = 9631F204200892BA00B91E93 /* nogizaka_1UITests.swift */; };
		9631F2132008936F00B91E93 /* ic_logo.png in Resources */ = {isa = PBXBuildFile; fileRef = 9631F2122008936E00B91E93 /* ic_logo.png */; };
		96527314200C00D7009A78DF /* ic_check.png in Resources */ = {isa = PBXBuildFile; fileRef = 96527313200C00D6009A78DF /* ic_check.png */; };
		96797308200CB8F100A7CA8A /* ic_bar.png in Resources */ = {isa = PBXBuildFile; fileRef = 96797307200CB8ED00A7CA8A /* ic_bar.png */; };
		9679730A200CBF0200A7CA8A /* ic_background.png in Resources */ = {isa = PBXBuildFile; fileRef = 96797309200CBF0200A7CA8A /* ic_background.png */; };
		9679733B200CEBE200A7CA8A /* 吉田綾乃クリスティー.jpg in Resources */ = {isa = PBXBuildFile; fileRef = 9679730D200CEBC900A7CA8A /* 吉田綾乃クリスティー.jpg */; };
		9679733C200CEBE200A7CA8A /* 斉藤優里.jpg in Resources */ = {isa = PBXBuildFile; fileRef = 9679730E200CEBC900A7CA8A /* 斉藤優里.jpg */; };
		9679733D200CEBE200A7CA8A /* 堀未央奈.jpg in Resources */ = {isa = PBXBuildFile; fileRef = 9679730F200CEBCA00A7CA8A /* 堀未央奈.jpg */; };
		9679733E200CEBE200A7CA8A /* 生駒里奈.jpg in Resources */ = {isa = PBXBuildFile; fileRef = 96797310200CEBCA00A7CA8A /* 生駒里奈.jpg */; };
		9679733F200CEBE200A7CA8A /* 向井葉月.jpg in Resources */ = {isa = PBXBuildFile; fileRef = 96797311200CEBCB00A7CA8A /* 向井葉月.jpg */; };
		96797340200CEBE200A7CA8A /* 伊藤純奈.jpg in Resources */ = {isa = PBXBuildFile; fileRef = 96797312200CEBCB00A7CA8A /* 伊藤純奈.jpg */; };
		96797341200CEBE200A7CA8A /* 阪口珠美.jpg in Resources */ = {isa = PBXBuildFile; fileRef = 96797313200CEBCC00A7CA8A /* 阪口珠美.jpg */; };
		96797342200CEBE200A7CA8A /* 久保史緒里.jpg in Resources */ = {isa = PBXBuildFile; fileRef = 96797314200CEBCD00A7CA8A /* 久保史緒里.jpg */; };
		96797343200CEBE200A7CA8A /* 川村真洋.jpg in Resources */ = {isa = PBXBuildFile; fileRef = 96797315200CEBCD00A7CA8A /* 川村真洋.jpg */; };
		96797344200CEBE200A7CA8A /* 松村沙友理.jpg in Resources */ = {isa = PBXBuildFile; fileRef = 96797316200CEBCE00A7CA8A /* 松村沙友理.jpg */; };
		96797345200CEBE200A7CA8A /* 伊藤万理華.jpg in Resources */ = {isa = PBXBuildFile; fileRef = 96797317200CEBCE00A7CA8A /* 伊藤万理華.jpg */; };
		96797346200CEBE200A7CA8A /* 能條愛未.jpg in Resources */ = {isa = PBXBuildFile; fileRef = 96797318200CEBCF00A7CA8A /* 能條愛未.jpg */; };
		96797347200CEBE200A7CA8A /* 新内眞衣.jpg in Resources */ = {isa = PBXBuildFile; fileRef = 96797319200CEBD000A7CA8A /* 新内眞衣.jpg */; };
		96797348200CEBE200A7CA8A /* 与田祐希.jpg in Resources */ = {isa = PBXBuildFile; fileRef = 9679731A200CEBD000A7CA8A /* 与田祐希.jpg */; };
		96797349200CEBE200A7CA8A /* 大園桃子.jpg in Resources */ = {isa = PBXBuildFile; fileRef = 9679731B200CEBD100A7CA8A /* 大園桃子.jpg */; };
		9679734A200CEBE200A7CA8A /* 渡辺みり愛.jpg in Resources */ = {isa = PBXBuildFile; fileRef = 9679731C200CEBD100A7CA8A /* 渡辺みり愛.jpg */; };
		9679734B200CEBE200A7CA8A /* 衛藤美彩.jpg in Resources */ = {isa = PBXBuildFile; fileRef = 9679731D200CEBD200A7CA8A /* 衛藤美彩.jpg */; };
		9679734C200CEBE200A7CA8A /* 秋元真夏.jpg in Resources */ = {isa = PBXBuildFile; fileRef = 9679731E200CEBD300A7CA8A /* 秋元真夏.jpg */; };
		9679734D200CEBE200A7CA8A /* 鈴木絢音.jpg in Resources */ = {isa = PBXBuildFile; fileRef = 9679731F200CEBD300A7CA8A /* 鈴木絢音.jpg */; };
		9679734E200CEBE200A7CA8A /* 生田絵梨花.jpg in Resources */ = {isa = PBXBuildFile; fileRef = 96797320200CEBD400A7CA8A /* 生田絵梨花.jpg */; };
		9679734F200CEBE200A7CA8A /* 寺田蘭世.jpg in Resources */ = {isa = PBXBuildFile; fileRef = 96797321200CEBD400A7CA8A /* 寺田蘭世.jpg */; };
		96797350200CEBE200A7CA8A /* 中田花奈.jpg in Resources */ = {isa = PBXBuildFile; fileRef = 96797322200CEBD500A7CA8A /* 中田花奈.jpg */; };
		96797351200CEBE200A7CA8A /* 樋口日奈.jpg in Resources */ = {isa = PBXBuildFile; fileRef = 96797323200CEBD500A7CA8A /* 樋口日奈.jpg */; };
		96797352200CEBE200A7CA8A /* 井上小百合.jpg in Resources */ = {isa = PBXBuildFile; fileRef = 96797324200CEBD500A7CA8A /* 井上小百合.jpg */; };
		96797353200CEBE200A7CA8A /* 北野日奈子.jpg in Resources */ = {isa = PBXBuildFile; fileRef = 96797325200CEBD600A7CA8A /* 北野日奈子.jpg */; };
		96797354200CEBE200A7CA8A /* 相楽伊織.jpg in Resources */ = {isa = PBXBuildFile; fileRef = 96797326200CEBD600A7CA8A /* 相楽伊織.jpg */; };
		96797355200CEBE200A7CA8A /* 齋藤飛鳥.jpg in Resources */ = {isa = PBXBuildFile; fileRef = 96797327200CEBD600A7CA8A /* 齋藤飛鳥.jpg */; };
		96797356200CEBE200A7CA8A /* 若月佑美.jpg in Resources */ = {isa = PBXBuildFile; fileRef = 96797328200CEBD600A7CA8A /* 若月佑美.jpg */; };
		96797357200CEBE200A7CA8A /* 星野みなみ.jpg in Resources */ = {isa = PBXBuildFile; fileRef = 96797329200CEBD700A7CA8A /* 星野みなみ.jpg */; };
		96797358200CEBE200A7CA8A /* 伊藤理々杏.jpg in Resources */ = {isa = PBXBuildFile; fileRef = 9679732A200CEBD700A7CA8A /* 伊藤理々杏.jpg */; };
		96797359200CEBE200A7CA8A /* 西野七瀬.jpg in Resources */ = {isa = PBXBuildFile; fileRef = 9679732B200CEBD800A7CA8A /* 西野七瀬.jpg */; };
		9679735A200CEBE200A7CA8A /* 中村麗乃.jpg in Resources */ = {isa = PBXBuildFile; fileRef = 9679732C200CEBD800A7CA8A /* 中村麗乃.jpg */; };
		9679735B200CEBE200A7CA8A /* 伊藤かりん.jpg in Resources */ = {isa = PBXBuildFile; fileRef = 9679732D200CEBD900A7CA8A /* 伊藤かりん.jpg */; };
		9679735C200CEBE200A7CA8A /* 佐藤楓.jpg in Resources */ = {isa = PBXBuildFile; fileRef = 9679732E200CEBDB00A7CA8A /* 佐藤楓.jpg */; };
		9679735D200CEBE200A7CA8A /* 梅澤美波.jpg in Resources */ = {isa = PBXBuildFile; fileRef = 9679732F200CEBDC00A7CA8A /* 梅澤美波.jpg */; };
		9679735E200CEBE200A7CA8A /* 桜井玲香.jpg in Resources */ = {isa = PBXBuildFile; fileRef = 96797330200CEBDD00A7CA8A /* 桜井玲香.jpg */; };
		9679735F200CEBE200A7CA8A /* 白石麻衣.jpg in Resources */ = {isa = PBXBuildFile; fileRef = 96797331200CEBDE00A7CA8A /* 白石麻衣.jpg */; };
		96797360200CEBE200A7CA8A /* 和田まあや.jpg in Resources */ = {isa = PBXBuildFile; fileRef = 96797332200CEBDF00A7CA8A /* 和田まあや.jpg */; };
		96797361200CEBE200A7CA8A /* 山下美月.jpg in Resources */ = {isa = PBXBuildFile; fileRef = 96797333200CEBDF00A7CA8A /* 山下美月.jpg */; };
		96797362200CEBE200A7CA8A /* 岩本蓮加.jpg in Resources */ = {isa = PBXBuildFile; fileRef = 96797334200CEBDF00A7CA8A /* 岩本蓮加.jpg */; };
		96797363200CEBE200A7CA8A /* 高山一実.jpg in Resources */ = {isa = PBXBuildFile; fileRef = 96797335200CEBE000A7CA8A /* 高山一実.jpg */; };
		96797364200CEBE200A7CA8A /* 川後陽菜.jpg in Resources */ = {isa = PBXBuildFile; fileRef = 96797336200CEBE000A7CA8A /* 川後陽菜.jpg */; };
		96797365200CEBE200A7CA8A /* 山崎怜奈.jpg in Resources */ = {isa = PBXBuildFile; fileRef = 96797337200CEBE100A7CA8A /* 山崎怜奈.jpg */; };
		96797366200CEBE200A7CA8A /* 佐々木琴子.jpg in Resources */ = {isa = PBXBuildFile; fileRef = 96797338200CEBE100A7CA8A /* 佐々木琴子.jpg */; };
		96797367200CEBE200A7CA8A /* 斎藤ちはる.jpg in Resources */ = {isa = PBXBuildFile; fileRef = 96797339200CEBE100A7CA8A /* 斎藤ちはる.jpg */; };
		96797368200CEBE200A7CA8A /* 中元日芽香.jpg in Resources */ = {isa = PBXBuildFile; fileRef = 9679733A200CEBE200A7CA8A /* 中元日芽香.jpg */; };
		9679736C200CF5B100A7CA8A /* ３期生.jpg in Resources */ = {isa = PBXBuildFile; fileRef = 9679736B200CF5AD00A7CA8A /* ３期生.jpg */; };
		96C0C555200BCE4E005A3F7D /* BlogTableViewCell.swift in Sources */ = {isa = PBXBuildFile; fileRef = 96C0C553200BCE4E005A3F7D /* BlogTableViewCell.swift */; };
		96C0C556200BCE4E005A3F7D /* BlogTableViewCell.xib in Resources */ = {isa = PBXBuildFile; fileRef = 96C0C554200BCE4E005A3F7D /* BlogTableViewCell.xib */; };
		96C0C558200BD8B3005A3F7D /* BlogViewController.swift in Sources */ = {isa = PBXBuildFile; fileRef = 96C0C557200BD8B3005A3F7D /* BlogViewController.swift */; };
		96C50C1A200A56C100EFC71B /* NewsTableViewCell.xib in Resources */ = {isa = PBXBuildFile; fileRef = 96C50C18200A56C100EFC71B /* NewsTableViewCell.xib */; };
		96C50C1E200A6B9900EFC71B /* ScheTableViewCell.xib in Resources */ = {isa = PBXBuildFile; fileRef = 96C50C1C200A6B9900EFC71B /* ScheTableViewCell.xib */; };
		96C50C20200A6F0500EFC71B /* NewsTableViewCell.swift in Sources */ = {isa = PBXBuildFile; fileRef = 96C50C1F200A6F0500EFC71B /* NewsTableViewCell.swift */; };
		96C50C22200A6F1F00EFC71B /* ScheTableViewCell.swift in Sources */ = {isa = PBXBuildFile; fileRef = 96C50C21200A6F1F00EFC71B /* ScheTableViewCell.swift */; };
		96CBA698200A03200013F5E7 /* RootViewController.swift in Sources */ = {isa = PBXBuildFile; fileRef = 96CBA697200A03200013F5E7 /* RootViewController.swift */; };
		96CDC009200DC67500217F81 /* WebViewController.swift in Sources */ = {isa = PBXBuildFile; fileRef = 96CDC008200DC67500217F81 /* WebViewController.swift */; };
/* End PBXBuildFile section */

/* Begin PBXContainerItemProxy section */
		9631F1F6200892BA00B91E93 /* PBXContainerItemProxy */ = {
			isa = PBXContainerItemProxy;
			containerPortal = 9631F1D9200892B900B91E93 /* Project object */;
			proxyType = 1;
			remoteGlobalIDString = 9631F1E0200892B900B91E93;
			remoteInfo = "nogizaka-1";
		};
		9631F201200892BA00B91E93 /* PBXContainerItemProxy */ = {
			isa = PBXContainerItemProxy;
			containerPortal = 9631F1D9200892B900B91E93 /* Project object */;
			proxyType = 1;
			remoteGlobalIDString = 9631F1E0200892B900B91E93;
			remoteInfo = "nogizaka-1";
		};
/* End PBXContainerItemProxy section */

/* Begin PBXFileReference section */
		9631F1E1200892BA00B91E93 /* nogizaka-1.app */ = {isa = PBXFileReference; explicitFileType = wrapper.application; includeInIndex = 0; path = "nogizaka-1.app"; sourceTree = BUILT_PRODUCTS_DIR; };
		9631F1E4200892BA00B91E93 /* AppDelegate.swift */ = {isa = PBXFileReference; lastKnownFileType = sourcecode.swift; path = AppDelegate.swift; sourceTree = "<group>"; };
		9631F1E6200892BA00B91E93 /* ViewController.swift */ = {isa = PBXFileReference; lastKnownFileType = sourcecode.swift; path = ViewController.swift; sourceTree = "<group>"; };
		9631F1E9200892BA00B91E93 /* Base */ = {isa = PBXFileReference; lastKnownFileType = file.storyboard; name = Base; path = Base.lproj/Main.storyboard; sourceTree = "<group>"; };
		9631F1EB200892BA00B91E93 /* Assets.xcassets */ = {isa = PBXFileReference; lastKnownFileType = folder.assetcatalog; path = Assets.xcassets; sourceTree = "<group>"; };
		9631F1EE200892BA00B91E93 /* Base */ = {isa = PBXFileReference; lastKnownFileType = file.storyboard; name = Base; path = Base.lproj/LaunchScreen.storyboard; sourceTree = "<group>"; };
		9631F1F0200892BA00B91E93 /* Info.plist */ = {isa = PBXFileReference; lastKnownFileType = text.plist.xml; path = Info.plist; sourceTree = "<group>"; };
		9631F1F5200892BA00B91E93 /* nogizaka-1Tests.xctest */ = {isa = PBXFileReference; explicitFileType = wrapper.cfbundle; includeInIndex = 0; path = "nogizaka-1Tests.xctest"; sourceTree = BUILT_PRODUCTS_DIR; };
		9631F1F9200892BA00B91E93 /* nogizaka_1Tests.swift */ = {isa = PBXFileReference; lastKnownFileType = sourcecode.swift; path = nogizaka_1Tests.swift; sourceTree = "<group>"; };
		9631F1FB200892BA00B91E93 /* Info.plist */ = {isa = PBXFileReference; lastKnownFileType = text.plist.xml; path = Info.plist; sourceTree = "<group>"; };
		9631F200200892BA00B91E93 /* nogizaka-1UITests.xctest */ = {isa = PBXFileReference; explicitFileType = wrapper.cfbundle; includeInIndex = 0; path = "nogizaka-1UITests.xctest"; sourceTree = BUILT_PRODUCTS_DIR; };
		9631F204200892BA00B91E93 /* nogizaka_1UITests.swift */ = {isa = PBXFileReference; lastKnownFileType = sourcecode.swift; path = nogizaka_1UITests.swift; sourceTree = "<group>"; };
		9631F206200892BA00B91E93 /* Info.plist */ = {isa = PBXFileReference; lastKnownFileType = text.plist.xml; path = Info.plist; sourceTree = "<group>"; };
		9631F2122008936E00B91E93 /* ic_logo.png */ = {isa = PBXFileReference; lastKnownFileType = image.png; path = ic_logo.png; sourceTree = "<group>"; };
		96527313200C00D6009A78DF /* ic_check.png */ = {isa = PBXFileReference; lastKnownFileType = image.png; path = ic_check.png; sourceTree = "<group>"; };
		96797307200CB8ED00A7CA8A /* ic_bar.png */ = {isa = PBXFileReference; lastKnownFileType = image.png; path = ic_bar.png; sourceTree = "<group>"; };
		96797309200CBF0200A7CA8A /* ic_background.png */ = {isa = PBXFileReference; lastKnownFileType = image.png; path = ic_background.png; sourceTree = "<group>"; };
		9679730D200CEBC900A7CA8A /* 吉田綾乃クリスティー.jpg */ = {isa = PBXFileReference; lastKnownFileType = image.jpeg; path = "吉田綾乃クリスティー.jpg"; sourceTree = "<group>"; };
		9679730E200CEBC900A7CA8A /* 斉藤優里.jpg */ = {isa = PBXFileReference; lastKnownFileType = image.jpeg; path = "斉藤優里.jpg"; sourceTree = "<group>"; };
		9679730F200CEBCA00A7CA8A /* 堀未央奈.jpg */ = {isa = PBXFileReference; lastKnownFileType = image.jpeg; path = "堀未央奈.jpg"; sourceTree = "<group>"; };
		96797310200CEBCA00A7CA8A /* 生駒里奈.jpg */ = {isa = PBXFileReference; lastKnownFileType = image.jpeg; path = "生駒里奈.jpg"; sourceTree = "<group>"; };
		96797311200CEBCB00A7CA8A /* 向井葉月.jpg */ = {isa = PBXFileReference; lastKnownFileType = image.jpeg; path = "向井葉月.jpg"; sourceTree = "<group>"; };
		96797312200CEBCB00A7CA8A /* 伊藤純奈.jpg */ = {isa = PBXFileReference; lastKnownFileType = image.jpeg; path = "伊藤純奈.jpg"; sourceTree = "<group>"; };
		96797313200CEBCC00A7CA8A /* 阪口珠美.jpg */ = {isa = PBXFileReference; lastKnownFileType = image.jpeg; path = "阪口珠美.jpg"; sourceTree = "<group>"; };
		96797314200CEBCD00A7CA8A /* 久保史緒里.jpg */ = {isa = PBXFileReference; lastKnownFileType = image.jpeg; path = "久保史緒里.jpg"; sourceTree = "<group>"; };
		96797315200CEBCD00A7CA8A /* 川村真洋.jpg */ = {isa = PBXFileReference; lastKnownFileType = image.jpeg; path = "川村真洋.jpg"; sourceTree = "<group>"; };
		96797316200CEBCE00A7CA8A /* 松村沙友理.jpg */ = {isa = PBXFileReference; lastKnownFileType = image.jpeg; path = "松村沙友理.jpg"; sourceTree = "<group>"; };
		96797317200CEBCE00A7CA8A /* 伊藤万理華.jpg */ = {isa = PBXFileReference; lastKnownFileType = image.jpeg; path = "伊藤万理華.jpg"; sourceTree = "<group>"; };
		96797318200CEBCF00A7CA8A /* 能條愛未.jpg */ = {isa = PBXFileReference; lastKnownFileType = image.jpeg; path = "能條愛未.jpg"; sourceTree = "<group>"; };
		96797319200CEBD000A7CA8A /* 新内眞衣.jpg */ = {isa = PBXFileReference; lastKnownFileType = image.jpeg; path = "新内眞衣.jpg"; sourceTree = "<group>"; };
		9679731A200CEBD000A7CA8A /* 与田祐希.jpg */ = {isa = PBXFileReference; lastKnownFileType = image.jpeg; path = "与田祐希.jpg"; sourceTree = "<group>"; };
		9679731B200CEBD100A7CA8A /* 大園桃子.jpg */ = {isa = PBXFileReference; lastKnownFileType = image.jpeg; path = "大園桃子.jpg"; sourceTree = "<group>"; };
		9679731C200CEBD100A7CA8A /* 渡辺みり愛.jpg */ = {isa = PBXFileReference; lastKnownFileType = image.jpeg; path = "渡辺みり愛.jpg"; sourceTree = "<group>"; };
		9679731D200CEBD200A7CA8A /* 衛藤美彩.jpg */ = {isa = PBXFileReference; lastKnownFileType = image.jpeg; path = "衛藤美彩.jpg"; sourceTree = "<group>"; };
		9679731E200CEBD300A7CA8A /* 秋元真夏.jpg */ = {isa = PBXFileReference; lastKnownFileType = image.jpeg; path = "秋元真夏.jpg"; sourceTree = "<group>"; };
		9679731F200CEBD300A7CA8A /* 鈴木絢音.jpg */ = {isa = PBXFileReference; lastKnownFileType = image.jpeg; path = "鈴木絢音.jpg"; sourceTree = "<group>"; };
		96797320200CEBD400A7CA8A /* 生田絵梨花.jpg */ = {isa = PBXFileReference; lastKnownFileType = image.jpeg; path = "生田絵梨花.jpg"; sourceTree = "<group>"; };
		96797321200CEBD400A7CA8A /* 寺田蘭世.jpg */ = {isa = PBXFileReference; lastKnownFileType = image.jpeg; path = "寺田蘭世.jpg"; sourceTree = "<group>"; };
		96797322200CEBD500A7CA8A /* 中田花奈.jpg */ = {isa = PBXFileReference; lastKnownFileType = image.jpeg; path = "中田花奈.jpg"; sourceTree = "<group>"; };
		96797323200CEBD500A7CA8A /* 樋口日奈.jpg */ = {isa = PBXFileReference; lastKnownFileType = image.jpeg; path = "樋口日奈.jpg"; sourceTree = "<group>"; };
		96797324200CEBD500A7CA8A /* 井上小百合.jpg */ = {isa = PBXFileReference; lastKnownFileType = image.jpeg; path = "井上小百合.jpg"; sourceTree = "<group>"; };
		96797325200CEBD600A7CA8A /* 北野日奈子.jpg */ = {isa = PBXFileReference; lastKnownFileType = image.jpeg; path = "北野日奈子.jpg"; sourceTree = "<group>"; };
		96797326200CEBD600A7CA8A /* 相楽伊織.jpg */ = {isa = PBXFileReference; lastKnownFileType = image.jpeg; path = "相楽伊織.jpg"; sourceTree = "<group>"; };
		96797327200CEBD600A7CA8A /* 齋藤飛鳥.jpg */ = {isa = PBXFileReference; lastKnownFileType = image.jpeg; path = "齋藤飛鳥.jpg"; sourceTree = "<group>"; };
		96797328200CEBD600A7CA8A /* 若月佑美.jpg */ = {isa = PBXFileReference; lastKnownFileType = image.jpeg; path = "若月佑美.jpg"; sourceTree = "<group>"; };
		96797329200CEBD700A7CA8A /* 星野みなみ.jpg */ = {isa = PBXFileReference; lastKnownFileType = image.jpeg; path = "星野みなみ.jpg"; sourceTree = "<group>"; };
		9679732A200CEBD700A7CA8A /* 伊藤理々杏.jpg */ = {isa = PBXFileReference; lastKnownFileType = image.jpeg; path = "伊藤理々杏.jpg"; sourceTree = "<group>"; };
		9679732B200CEBD800A7CA8A /* 西野七瀬.jpg */ = {isa = PBXFileReference; lastKnownFileType = image.jpeg; path = "西野七瀬.jpg"; sourceTree = "<group>"; };
		9679732C200CEBD800A7CA8A /* 中村麗乃.jpg */ = {isa = PBXFileReference; lastKnownFileType = image.jpeg; path = "中村麗乃.jpg"; sourceTree = "<group>"; };
		9679732D200CEBD900A7CA8A /* 伊藤かりん.jpg */ = {isa = PBXFileReference; lastKnownFileType = image.jpeg; path = "伊藤かりん.jpg"; sourceTree = "<group>"; };
		9679732E200CEBDB00A7CA8A /* 佐藤楓.jpg */ = {isa = PBXFileReference; lastKnownFileType = image.jpeg; path = "佐藤楓.jpg"; sourceTree = "<group>"; };
		9679732F200CEBDC00A7CA8A /* 梅澤美波.jpg */ = {isa = PBXFileReference; lastKnownFileType = image.jpeg; path = "梅澤美波.jpg"; sourceTree = "<group>"; };
		96797330200CEBDD00A7CA8A /* 桜井玲香.jpg */ = {isa = PBXFileReference; lastKnownFileType = image.jpeg; path = "桜井玲香.jpg"; sourceTree = "<group>"; };
		96797331200CEBDE00A7CA8A /* 白石麻衣.jpg */ = {isa = PBXFileReference; lastKnownFileType = image.jpeg; path = "白石麻衣.jpg"; sourceTree = "<group>"; };
		96797332200CEBDF00A7CA8A /* 和田まあや.jpg */ = {isa = PBXFileReference; lastKnownFileType = image.jpeg; path = "和田まあや.jpg"; sourceTree = "<group>"; };
		96797333200CEBDF00A7CA8A /* 山下美月.jpg */ = {isa = PBXFileReference; lastKnownFileType = image.jpeg; path = "山下美月.jpg"; sourceTree = "<group>"; };
		96797334200CEBDF00A7CA8A /* 岩本蓮加.jpg */ = {isa = PBXFileReference; lastKnownFileType = image.jpeg; path = "岩本蓮加.jpg"; sourceTree = "<group>"; };
		96797335200CEBE000A7CA8A /* 高山一実.jpg */ = {isa = PBXFileReference; lastKnownFileType = image.jpeg; path = "高山一実.jpg"; sourceTree = "<group>"; };
		96797336200CEBE000A7CA8A /* 川後陽菜.jpg */ = {isa = PBXFileReference; lastKnownFileType = image.jpeg; path = "川後陽菜.jpg"; sourceTree = "<group>"; };
		96797337200CEBE100A7CA8A /* 山崎怜奈.jpg */ = {isa = PBXFileReference; lastKnownFileType = image.jpeg; path = "山崎怜奈.jpg"; sourceTree = "<group>"; };
		96797338200CEBE100A7CA8A /* 佐々木琴子.jpg */ = {isa = PBXFileReference; lastKnownFileType = image.jpeg; path = "佐々木琴子.jpg"; sourceTree = "<group>"; };
		96797339200CEBE100A7CA8A /* 斎藤ちはる.jpg */ = {isa = PBXFileReference; lastKnownFileType = image.jpeg; path = "斎藤ちはる.jpg"; sourceTree = "<group>"; };
		9679733A200CEBE200A7CA8A /* 中元日芽香.jpg */ = {isa = PBXFileReference; lastKnownFileType = image.jpeg; path = "中元日芽香.jpg"; sourceTree = "<group>"; };
		9679736B200CF5AD00A7CA8A /* ３期生.jpg */ = {isa = PBXFileReference; lastKnownFileType = image.jpeg; path = "３期生.jpg"; sourceTree = "<group>"; };
		96C0C553200BCE4E005A3F7D /* BlogTableViewCell.swift */ = {isa = PBXFileReference; lastKnownFileType = sourcecode.swift; path = BlogTableViewCell.swift; sourceTree = "<group>"; };
		96C0C554200BCE4E005A3F7D /* BlogTableViewCell.xib */ = {isa = PBXFileReference; lastKnownFileType = file.xib; path = BlogTableViewCell.xib; sourceTree = "<group>"; };
		96C0C557200BD8B3005A3F7D /* BlogViewController.swift */ = {isa = PBXFileReference; lastKnownFileType = sourcecode.swift; path = BlogViewController.swift; sourceTree = "<group>"; };
		96C50C18200A56C100EFC71B /* NewsTableViewCell.xib */ = {isa = PBXFileReference; lastKnownFileType = file.xib; path = NewsTableViewCell.xib; sourceTree = "<group>"; };
		96C50C1C200A6B9900EFC71B /* ScheTableViewCell.xib */ = {isa = PBXFileReference; lastKnownFileType = file.xib; path = ScheTableViewCell.xib; sourceTree = "<group>"; };
		96C50C1F200A6F0500EFC71B /* NewsTableViewCell.swift */ = {isa = PBXFileReference; lastKnownFileType = sourcecode.swift; path = NewsTableViewCell.swift; sourceTree = "<group>"; };
		96C50C21200A6F1F00EFC71B /* ScheTableViewCell.swift */ = {isa = PBXFileReference; lastKnownFileType = sourcecode.swift; path = ScheTableViewCell.swift; sourceTree = "<group>"; };
		96CBA697200A03200013F5E7 /* RootViewController.swift */ = {isa = PBXFileReference; lastKnownFileType = sourcecode.swift; path = RootViewController.swift; sourceTree = "<group>"; };
		96CDC008200DC67500217F81 /* WebViewController.swift */ = {isa = PBXFileReference; lastKnownFileType = sourcecode.swift; path = WebViewController.swift; sourceTree = "<group>"; };
/* End PBXFileReference section */

/* Begin PBXFrameworksBuildPhase section */
		9631F1DE200892B900B91E93 /* Frameworks */ = {
			isa = PBXFrameworksBuildPhase;
			buildActionMask = 2147483647;
			files = (
			);
			runOnlyForDeploymentPostprocessing = 0;
		};
		9631F1F2200892BA00B91E93 /* Frameworks */ = {
			isa = PBXFrameworksBuildPhase;
			buildActionMask = 2147483647;
			files = (
			);
			runOnlyForDeploymentPostprocessing = 0;
		};
		9631F1FD200892BA00B91E93 /* Frameworks */ = {
			isa = PBXFrameworksBuildPhase;
			buildActionMask = 2147483647;
			files = (
			);
			runOnlyForDeploymentPostprocessing = 0;
		};
/* End PBXFrameworksBuildPhase section */

/* Begin PBXGroup section */
		9631F1D8200892B900B91E93 = {
			isa = PBXGroup;
			children = (
				9631F1E3200892BA00B91E93 /* nogizaka-1 */,
				9631F1F8200892BA00B91E93 /* nogizaka-1Tests */,
				9631F203200892BA00B91E93 /* nogizaka-1UITests */,
				9631F1E2200892BA00B91E93 /* Products */,
			);
			sourceTree = "<group>";
		};
		9631F1E2200892BA00B91E93 /* Products */ = {
			isa = PBXGroup;
			children = (
				9631F1E1200892BA00B91E93 /* nogizaka-1.app */,
				9631F1F5200892BA00B91E93 /* nogizaka-1Tests.xctest */,
				9631F200200892BA00B91E93 /* nogizaka-1UITests.xctest */,
			);
			name = Products;
			sourceTree = "<group>";
		};
		9631F1E3200892BA00B91E93 /* nogizaka-1 */ = {
			isa = PBXGroup;
			children = (
				9631F1E4200892BA00B91E93 /* AppDelegate.swift */,
				96CBA697200A03200013F5E7 /* RootViewController.swift */,
				9631F1E6200892BA00B91E93 /* ViewController.swift */,
				96C0C557200BD8B3005A3F7D /* BlogViewController.swift */,
				96CDC008200DC67500217F81 /* WebViewController.swift */,
				9631F1E8200892BA00B91E93 /* Main.storyboard */,
				96C50C1F200A6F0500EFC71B /* NewsTableViewCell.swift */,
				96C50C18200A56C100EFC71B /* NewsTableViewCell.xib */,
				96C50C21200A6F1F00EFC71B /* ScheTableViewCell.swift */,
				96C50C1C200A6B9900EFC71B /* ScheTableViewCell.xib */,
				96C0C553200BCE4E005A3F7D /* BlogTableViewCell.swift */,
				96C0C554200BCE4E005A3F7D /* BlogTableViewCell.xib */,
				9679730B200CEB8300A7CA8A /* Images */,
				9631F1EB200892BA00B91E93 /* Assets.xcassets */,
				9631F1ED200892BA00B91E93 /* LaunchScreen.storyboard */,
				9631F1F0200892BA00B91E93 /* Info.plist */,
			);
			path = "nogizaka-1";
			sourceTree = "<group>";
		};
		9631F1F8200892BA00B91E93 /* nogizaka-1Tests */ = {
			isa = PBXGroup;
			children = (
				9631F1F9200892BA00B91E93 /* nogizaka_1Tests.swift */,
				9631F1FB200892BA00B91E93 /* Info.plist */,
			);
			path = "nogizaka-1Tests";
			sourceTree = "<group>";
		};
		9631F203200892BA00B91E93 /* nogizaka-1UITests */ = {
			isa = PBXGroup;
			children = (
				9631F204200892BA00B91E93 /* nogizaka_1UITests.swift */,
				9631F206200892BA00B91E93 /* Info.plist */,
			);
			path = "nogizaka-1UITests";
			sourceTree = "<group>";
		};
		9679730B200CEB8300A7CA8A /* Images */ = {
			isa = PBXGroup;
			children = (
				9679730C200CEBB600A7CA8A /* Member */,
				9631F2122008936E00B91E93 /* ic_logo.png */,
				96797307200CB8ED00A7CA8A /* ic_bar.png */,
				96527313200C00D6009A78DF /* ic_check.png */,
				96797309200CBF0200A7CA8A /* ic_background.png */,
			);
			path = Images;
			sourceTree = "<group>";
		};
		9679730C200CEBB600A7CA8A /* Member */ = {
			isa = PBXGroup;
			children = (
				9679736B200CF5AD00A7CA8A /* ３期生.jpg */,
				9679731E200CEBD300A7CA8A /* 秋元真夏.jpg */,
				9679731D200CEBD200A7CA8A /* 衛藤美彩.jpg */,
				96797323200CEBD500A7CA8A /* 樋口日奈.jpg */,
				9679730F200CEBCA00A7CA8A /* 堀未央奈.jpg */,
				96797329200CEBD700A7CA8A /* 星野みなみ.jpg */,
				96797310200CEBCA00A7CA8A /* 生駒里奈.jpg */,
				96797320200CEBD400A7CA8A /* 生田絵梨花.jpg */,
				96797324200CEBD500A7CA8A /* 井上小百合.jpg */,
				96797312200CEBCB00A7CA8A /* 伊藤純奈.jpg */,
				9679732D200CEBD900A7CA8A /* 伊藤かりん.jpg */,
				96797317200CEBCE00A7CA8A /* 伊藤万理華.jpg */,
				9679732A200CEBD700A7CA8A /* 伊藤理々杏.jpg */,
				96797334200CEBDF00A7CA8A /* 岩本蓮加.jpg */,
				96797336200CEBE000A7CA8A /* 川後陽菜.jpg */,
				96797315200CEBCD00A7CA8A /* 川村真洋.jpg */,
				96797325200CEBD600A7CA8A /* 北野日奈子.jpg */,
				96797314200CEBCD00A7CA8A /* 久保史緒里.jpg */,
				96797316200CEBCE00A7CA8A /* 松村沙友理.jpg */,
				96797311200CEBCB00A7CA8A /* 向井葉月.jpg */,
				96797322200CEBD500A7CA8A /* 中田花奈.jpg */,
				9679733A200CEBE200A7CA8A /* 中元日芽香.jpg */,
				9679732C200CEBD800A7CA8A /* 中村麗乃.jpg */,
				9679732B200CEBD800A7CA8A /* 西野七瀬.jpg */,
				96797318200CEBCF00A7CA8A /* 能條愛未.jpg */,
				9679731B200CEBD100A7CA8A /* 大園桃子.jpg */,
				96797326200CEBD600A7CA8A /* 相楽伊織.jpg */,
				96797327200CEBD600A7CA8A /* 齋藤飛鳥.jpg */,
				96797339200CEBE100A7CA8A /* 斎藤ちはる.jpg */,
				9679730E200CEBC900A7CA8A /* 斉藤優里.jpg */,
				96797313200CEBCC00A7CA8A /* 阪口珠美.jpg */,
				96797330200CEBDD00A7CA8A /* 桜井玲香.jpg */,
				96797338200CEBE100A7CA8A /* 佐々木琴子.jpg */,
				9679732E200CEBDB00A7CA8A /* 佐藤楓.jpg */,
				96797319200CEBD000A7CA8A /* 新内眞衣.jpg */,
				96797331200CEBDE00A7CA8A /* 白石麻衣.jpg */,
				9679731F200CEBD300A7CA8A /* 鈴木絢音.jpg */,
				96797335200CEBE000A7CA8A /* 高山一実.jpg */,
				96797321200CEBD400A7CA8A /* 寺田蘭世.jpg */,
				9679732F200CEBDC00A7CA8A /* 梅澤美波.jpg */,
				96797332200CEBDF00A7CA8A /* 和田まあや.jpg */,
				96797328200CEBD600A7CA8A /* 若月佑美.jpg */,
				9679731C200CEBD100A7CA8A /* 渡辺みり愛.jpg */,
				96797333200CEBDF00A7CA8A /* 山下美月.jpg */,
				96797337200CEBE100A7CA8A /* 山崎怜奈.jpg */,
				9679731A200CEBD000A7CA8A /* 与田祐希.jpg */,
				9679730D200CEBC900A7CA8A /* 吉田綾乃クリスティー.jpg */,
			);
			path = Member;
			sourceTree = "<group>";
		};
/* End PBXGroup section */

/* Begin PBXNativeTarget section */
		9631F1E0200892B900B91E93 /* nogizaka-1 */ = {
			isa = PBXNativeTarget;
			buildConfigurationList = 9631F209200892BA00B91E93 /* Build configuration list for PBXNativeTarget "nogizaka-1" */;
			buildPhases = (
				9631F1DD200892B900B91E93 /* Sources */,
				9631F1DE200892B900B91E93 /* Frameworks */,
				9631F1DF200892B900B91E93 /* Resources */,
			);
			buildRules = (
			);
			dependencies = (
			);
			name = "nogizaka-1";
			productName = "nogizaka-1";
			productReference = 9631F1E1200892BA00B91E93 /* nogizaka-1.app */;
			productType = "com.apple.product-type.application";
		};
		9631F1F4200892BA00B91E93 /* nogizaka-1Tests */ = {
			isa = PBXNativeTarget;
			buildConfigurationList = 9631F20C200892BA00B91E93 /* Build configuration list for PBXNativeTarget "nogizaka-1Tests" */;
			buildPhases = (
				9631F1F1200892BA00B91E93 /* Sources */,
				9631F1F2200892BA00B91E93 /* Frameworks */,
				9631F1F3200892BA00B91E93 /* Resources */,
			);
			buildRules = (
			);
			dependencies = (
				9631F1F7200892BA00B91E93 /* PBXTargetDependency */,
			);
			name = "nogizaka-1Tests";
			productName = "nogizaka-1Tests";
			productReference = 9631F1F5200892BA00B91E93 /* nogizaka-1Tests.xctest */;
			productType = "com.apple.product-type.bundle.unit-test";
		};
		9631F1FF200892BA00B91E93 /* nogizaka-1UITests */ = {
			isa = PBXNativeTarget;
			buildConfigurationList = 9631F20F200892BA00B91E93 /* Build configuration list for PBXNativeTarget "nogizaka-1UITests" */;
			buildPhases = (
				9631F1FC200892BA00B91E93 /* Sources */,
				9631F1FD200892BA00B91E93 /* Frameworks */,
				9631F1FE200892BA00B91E93 /* Resources */,
			);
			buildRules = (
			);
			dependencies = (
				9631F202200892BA00B91E93 /* PBXTargetDependency */,
			);
			name = "nogizaka-1UITests";
			productName = "nogizaka-1UITests";
			productReference = 9631F200200892BA00B91E93 /* nogizaka-1UITests.xctest */;
			productType = "com.apple.product-type.bundle.ui-testing";
		};
/* End PBXNativeTarget section */

/* Begin PBXProject section */
		9631F1D9200892B900B91E93 /* Project object */ = {
			isa = PBXProject;
			attributes = {
				LastSwiftUpdateCheck = 0920;
				LastUpgradeCheck = 0920;
				ORGANIZATIONNAME = "kentaro kusumi";
				TargetAttributes = {
					9631F1E0200892B900B91E93 = {
						CreatedOnToolsVersion = 9.2;
						ProvisioningStyle = Automatic;
					};
					9631F1F4200892BA00B91E93 = {
						CreatedOnToolsVersion = 9.2;
						ProvisioningStyle = Automatic;
						TestTargetID = 9631F1E0200892B900B91E93;
					};
					9631F1FF200892BA00B91E93 = {
						CreatedOnToolsVersion = 9.2;
						ProvisioningStyle = Automatic;
						TestTargetID = 9631F1E0200892B900B91E93;
					};
				};
			};
			buildConfigurationList = 9631F1DC200892B900B91E93 /* Build configuration list for PBXProject "nogizaka-1" */;
			compatibilityVersion = "Xcode 8.0";
			developmentRegion = en;
			hasScannedForEncodings = 0;
			knownRegions = (
				en,
				Base,
			);
			mainGroup = 9631F1D8200892B900B91E93;
			productRefGroup = 9631F1E2200892BA00B91E93 /* Products */;
			projectDirPath = "";
			projectRoot = "";
			targets = (
				9631F1E0200892B900B91E93 /* nogizaka-1 */,
				9631F1F4200892BA00B91E93 /* nogizaka-1Tests */,
				9631F1FF200892BA00B91E93 /* nogizaka-1UITests */,
			);
		};
/* End PBXProject section */

/* Begin PBXResourcesBuildPhase section */
		9631F1DF200892B900B91E93 /* Resources */ = {
			isa = PBXResourcesBuildPhase;
			buildActionMask = 2147483647;
			files = (
				9679734A200CEBE200A7CA8A /* 渡辺みり愛.jpg in Resources */,
				9679733C200CEBE200A7CA8A /* 斉藤優里.jpg in Resources */,
				96797347200CEBE200A7CA8A /* 新内眞衣.jpg in Resources */,
				96527314200C00D7009A78DF /* ic_check.png in Resources */,
				96797357200CEBE200A7CA8A /* 星野みなみ.jpg in Resources */,
				9679734E200CEBE200A7CA8A /* 生田絵梨花.jpg in Resources */,
				96797348200CEBE200A7CA8A /* 与田祐希.jpg in Resources */,
				96C0C556200BCE4E005A3F7D /* BlogTableViewCell.xib in Resources */,
				96797363200CEBE200A7CA8A /* 高山一実.jpg in Resources */,
				96797351200CEBE200A7CA8A /* 樋口日奈.jpg in Resources */,
				9679733F200CEBE200A7CA8A /* 向井葉月.jpg in Resources */,
				96797340200CEBE200A7CA8A /* 伊藤純奈.jpg in Resources */,
				96797365200CEBE200A7CA8A /* 山崎怜奈.jpg in Resources */,
				96797345200CEBE200A7CA8A /* 伊藤万理華.jpg in Resources */,
				9679734C200CEBE200A7CA8A /* 秋元真夏.jpg in Resources */,
				96797366200CEBE200A7CA8A /* 佐々木琴子.jpg in Resources */,
				9679733B200CEBE200A7CA8A /* 吉田綾乃クリスティー.jpg in Resources */,
				9679735B200CEBE200A7CA8A /* 伊藤かりん.jpg in Resources */,
				96797362200CEBE200A7CA8A /* 岩本蓮加.jpg in Resources */,
				96797349200CEBE200A7CA8A /* 大園桃子.jpg in Resources */,
				96797359200CEBE200A7CA8A /* 西野七瀬.jpg in Resources */,
				96797368200CEBE200A7CA8A /* 中元日芽香.jpg in Resources */,
				9679733E200CEBE200A7CA8A /* 生駒里奈.jpg in Resources */,
				96797361200CEBE200A7CA8A /* 山下美月.jpg in Resources */,
				96797346200CEBE200A7CA8A /* 能條愛未.jpg in Resources */,
				9631F1EF200892BA00B91E93 /* LaunchScreen.storyboard in Resources */,
				96797343200CEBE200A7CA8A /* 川村真洋.jpg in Resources */,
				96797344200CEBE200A7CA8A /* 松村沙友理.jpg in Resources */,
				96797355200CEBE200A7CA8A /* 齋藤飛鳥.jpg in Resources */,
				9631F1EC200892BA00B91E93 /* Assets.xcassets in Resources */,
				96797350200CEBE200A7CA8A /* 中田花奈.jpg in Resources */,
				96797358200CEBE200A7CA8A /* 伊藤理々杏.jpg in Resources */,
				96797342200CEBE200A7CA8A /* 久保史緒里.jpg in Resources */,
				96797356200CEBE200A7CA8A /* 若月佑美.jpg in Resources */,
				96C50C1E200A6B9900EFC71B /* ScheTableViewCell.xib in Resources */,
				96797360200CEBE200A7CA8A /* 和田まあや.jpg in Resources */,
				96797341200CEBE200A7CA8A /* 阪口珠美.jpg in Resources */,
				9679734F200CEBE200A7CA8A /* 寺田蘭世.jpg in Resources */,
				9679734D200CEBE200A7CA8A /* 鈴木絢音.jpg in Resources */,
				96797354200CEBE200A7CA8A /* 相楽伊織.jpg in Resources */,
				9679735A200CEBE200A7CA8A /* 中村麗乃.jpg in Resources */,
				96797364200CEBE200A7CA8A /* 川後陽菜.jpg in Resources */,
				9679735C200CEBE200A7CA8A /* 佐藤楓.jpg in Resources */,
				9679730A200CBF0200A7CA8A /* ic_background.png in Resources */,
				96797353200CEBE200A7CA8A /* 北野日奈子.jpg in Resources */,
				9631F2132008936F00B91E93 /* ic_logo.png in Resources */,
				9679735E200CEBE200A7CA8A /* 桜井玲香.jpg in Resources */,
				9679736C200CF5B100A7CA8A /* ３期生.jpg in Resources */,
				9679733D200CEBE200A7CA8A /* 堀未央奈.jpg in Resources */,
				9679734B200CEBE200A7CA8A /* 衛藤美彩.jpg in Resources */,
				9631F1EA200892BA00B91E93 /* Main.storyboard in Resources */,
				96C50C1A200A56C100EFC71B /* NewsTableViewCell.xib in Resources */,
				9679735F200CEBE200A7CA8A /* 白石麻衣.jpg in Resources */,
				96797367200CEBE200A7CA8A /* 斎藤ちはる.jpg in Resources */,
				96797352200CEBE200A7CA8A /* 井上小百合.jpg in Resources */,
				9679735D200CEBE200A7CA8A /* 梅澤美波.jpg in Resources */,
				96797308200CB8F100A7CA8A /* ic_bar.png in Resources */,
			);
			runOnlyForDeploymentPostprocessing = 0;
		};
		9631F1F3200892BA00B91E93 /* Resources */ = {
			isa = PBXResourcesBuildPhase;
			buildActionMask = 2147483647;
			files = (
			);
			runOnlyForDeploymentPostprocessing = 0;
		};
		9631F1FE200892BA00B91E93 /* Resources */ = {
			isa = PBXResourcesBuildPhase;
			buildActionMask = 2147483647;
			files = (
			);
			runOnlyForDeploymentPostprocessing = 0;
		};
/* End PBXResourcesBuildPhase section */

/* Begin PBXSourcesBuildPhase section */
		9631F1DD200892B900B91E93 /* Sources */ = {
			isa = PBXSourcesBuildPhase;
			buildActionMask = 2147483647;
			files = (
				9631F1E7200892BA00B91E93 /* ViewController.swift in Sources */,
				9631F1E5200892BA00B91E93 /* AppDelegate.swift in Sources */,
				96C50C20200A6F0500EFC71B /* NewsTableViewCell.swift in Sources */,
				96C0C555200BCE4E005A3F7D /* BlogTableViewCell.swift in Sources */,
				96CBA698200A03200013F5E7 /* RootViewController.swift in Sources */,
				96C50C22200A6F1F00EFC71B /* ScheTableViewCell.swift in Sources */,
				96C0C558200BD8B3005A3F7D /* BlogViewController.swift in Sources */,
				96CDC009200DC67500217F81 /* WebViewController.swift in Sources */,
			);
			runOnlyForDeploymentPostprocessing = 0;
		};
		9631F1F1200892BA00B91E93 /* Sources */ = {
			isa = PBXSourcesBuildPhase;
			buildActionMask = 2147483647;
			files = (
				9631F1FA200892BA00B91E93 /* nogizaka_1Tests.swift in Sources */,
			);
			runOnlyForDeploymentPostprocessing = 0;
		};
		9631F1FC200892BA00B91E93 /* Sources */ = {
			isa = PBXSourcesBuildPhase;
			buildActionMask = 2147483647;
			files = (
				9631F205200892BA00B91E93 /* nogizaka_1UITests.swift in Sources */,
			);
			runOnlyForDeploymentPostprocessing = 0;
		};
/* End PBXSourcesBuildPhase section */

/* Begin PBXTargetDependency section */
		9631F1F7200892BA00B91E93 /* PBXTargetDependency */ = {
			isa = PBXTargetDependency;
			target = 9631F1E0200892B900B91E93 /* nogizaka-1 */;
			targetProxy = 9631F1F6200892BA00B91E93 /* PBXContainerItemProxy */;
		};
		9631F202200892BA00B91E93 /* PBXTargetDependency */ = {
			isa = PBXTargetDependency;
			target = 9631F1E0200892B900B91E93 /* nogizaka-1 */;
			targetProxy = 9631F201200892BA00B91E93 /* PBXContainerItemProxy */;
		};
/* End PBXTargetDependency section */

/* Begin PBXVariantGroup section */
		9631F1E8200892BA00B91E93 /* Main.storyboard */ = {
			isa = PBXVariantGroup;
			children = (
				9631F1E9200892BA00B91E93 /* Base */,
			);
			name = Main.storyboard;
			sourceTree = "<group>";
		};
		9631F1ED200892BA00B91E93 /* LaunchScreen.storyboard */ = {
			isa = PBXVariantGroup;
			children = (
				9631F1EE200892BA00B91E93 /* Base */,
			);
			name = LaunchScreen.storyboard;
			sourceTree = "<group>";
		};
/* End PBXVariantGroup section */

/* Begin XCBuildConfiguration section */
		9631F207200892BA00B91E93 /* Debug */ = {
			isa = XCBuildConfiguration;
			buildSettings = {
				ALWAYS_SEARCH_USER_PATHS = NO;
				CLANG_ANALYZER_NONNULL = YES;
				CLANG_ANALYZER_NUMBER_OBJECT_CONVERSION = YES_AGGRESSIVE;
				CLANG_CXX_LANGUAGE_STANDARD = "gnu++14";
				CLANG_CXX_LIBRARY = "libc++";
				CLANG_ENABLE_MODULES = YES;
				CLANG_ENABLE_OBJC_ARC = YES;
				CLANG_WARN_BLOCK_CAPTURE_AUTORELEASING = YES;
				CLANG_WARN_BOOL_CONVERSION = YES;
				CLANG_WARN_COMMA = YES;
				CLANG_WARN_CONSTANT_CONVERSION = YES;
				CLANG_WARN_DIRECT_OBJC_ISA_USAGE = YES_ERROR;
				CLANG_WARN_DOCUMENTATION_COMMENTS = YES;
				CLANG_WARN_EMPTY_BODY = YES;
				CLANG_WARN_ENUM_CONVERSION = YES;
				CLANG_WARN_INFINITE_RECURSION = YES;
				CLANG_WARN_INT_CONVERSION = YES;
				CLANG_WARN_NON_LITERAL_NULL_CONVERSION = YES;
				CLANG_WARN_OBJC_LITERAL_CONVERSION = YES;
				CLANG_WARN_OBJC_ROOT_CLASS = YES_ERROR;
				CLANG_WARN_RANGE_LOOP_ANALYSIS = YES;
				CLANG_WARN_STRICT_PROTOTYPES = YES;
				CLANG_WARN_SUSPICIOUS_MOVE = YES;
				CLANG_WARN_UNGUARDED_AVAILABILITY = YES_AGGRESSIVE;
				CLANG_WARN_UNREACHABLE_CODE = YES;
				CLANG_WARN__DUPLICATE_METHOD_MATCH = YES;
				CODE_SIGN_IDENTITY = "iPhone Developer";
				COPY_PHASE_STRIP = NO;
				DEBUG_INFORMATION_FORMAT = dwarf;
				ENABLE_STRICT_OBJC_MSGSEND = YES;
				ENABLE_TESTABILITY = YES;
				GCC_C_LANGUAGE_STANDARD = gnu11;
				GCC_DYNAMIC_NO_PIC = NO;
				GCC_NO_COMMON_BLOCKS = YES;
				GCC_OPTIMIZATION_LEVEL = 0;
				GCC_PREPROCESSOR_DEFINITIONS = (
					"DEBUG=1",
					"$(inherited)",
				);
				GCC_WARN_64_TO_32_BIT_CONVERSION = YES;
				GCC_WARN_ABOUT_RETURN_TYPE = YES_ERROR;
				GCC_WARN_UNDECLARED_SELECTOR = YES;
				GCC_WARN_UNINITIALIZED_AUTOS = YES_AGGRESSIVE;
				GCC_WARN_UNUSED_FUNCTION = YES;
				GCC_WARN_UNUSED_VARIABLE = YES;
				IPHONEOS_DEPLOYMENT_TARGET = 11.2;
				MTL_ENABLE_DEBUG_INFO = YES;
				ONLY_ACTIVE_ARCH = YES;
				SDKROOT = iphoneos;
				SWIFT_ACTIVE_COMPILATION_CONDITIONS = DEBUG;
				SWIFT_OPTIMIZATION_LEVEL = "-Onone";
			};
			name = Debug;
		};
		9631F208200892BA00B91E93 /* Release */ = {
			isa = XCBuildConfiguration;
			buildSettings = {
				ALWAYS_SEARCH_USER_PATHS = NO;
				CLANG_ANALYZER_NONNULL = YES;
				CLANG_ANALYZER_NUMBER_OBJECT_CONVERSION = YES_AGGRESSIVE;
				CLANG_CXX_LANGUAGE_STANDARD = "gnu++14";
				CLANG_CXX_LIBRARY = "libc++";
				CLANG_ENABLE_MODULES = YES;
				CLANG_ENABLE_OBJC_ARC = YES;
				CLANG_WARN_BLOCK_CAPTURE_AUTORELEASING = YES;
				CLANG_WARN_BOOL_CONVERSION = YES;
				CLANG_WARN_COMMA = YES;
				CLANG_WARN_CONSTANT_CONVERSION = YES;
				CLANG_WARN_DIRECT_OBJC_ISA_USAGE = YES_ERROR;
				CLANG_WARN_DOCUMENTATION_COMMENTS = YES;
				CLANG_WARN_EMPTY_BODY = YES;
				CLANG_WARN_ENUM_CONVERSION = YES;
				CLANG_WARN_INFINITE_RECURSION = YES;
				CLANG_WARN_INT_CONVERSION = YES;
				CLANG_WARN_NON_LITERAL_NULL_CONVERSION = YES;
				CLANG_WARN_OBJC_LITERAL_CONVERSION = YES;
				CLANG_WARN_OBJC_ROOT_CLASS = YES_ERROR;
				CLANG_WARN_RANGE_LOOP_ANALYSIS = YES;
				CLANG_WARN_STRICT_PROTOTYPES = YES;
				CLANG_WARN_SUSPICIOUS_MOVE = YES;
				CLANG_WARN_UNGUARDED_AVAILABILITY = YES_AGGRESSIVE;
				CLANG_WARN_UNREACHABLE_CODE = YES;
				CLANG_WARN__DUPLICATE_METHOD_MATCH = YES;
				CODE_SIGN_IDENTITY = "iPhone Developer";
				COPY_PHASE_STRIP = NO;
				DEBUG_INFORMATION_FORMAT = "dwarf-with-dsym";
				ENABLE_NS_ASSERTIONS = NO;
				ENABLE_STRICT_OBJC_MSGSEND = YES;
				GCC_C_LANGUAGE_STANDARD = gnu11;
				GCC_NO_COMMON_BLOCKS = YES;
				GCC_WARN_64_TO_32_BIT_CONVERSION = YES;
				GCC_WARN_ABOUT_RETURN_TYPE = YES_ERROR;
				GCC_WARN_UNDECLARED_SELECTOR = YES;
				GCC_WARN_UNINITIALIZED_AUTOS = YES_AGGRESSIVE;
				GCC_WARN_UNUSED_FUNCTION = YES;
				GCC_WARN_UNUSED_VARIABLE = YES;
				IPHONEOS_DEPLOYMENT_TARGET = 11.2;
				MTL_ENABLE_DEBUG_INFO = NO;
				SDKROOT = iphoneos;
				SWIFT_OPTIMIZATION_LEVEL = "-Owholemodule";
				VALIDATE_PRODUCT = YES;
			};
			name = Release;
		};
		9631F20A200892BA00B91E93 /* Debug */ = {
			isa = XCBuildConfiguration;
			buildSettings = {
				ASSETCATALOG_COMPILER_APPICON_NAME = AppIcon;
				"CODE_SIGN_IDENTITY[sdk=iphoneos*]" = "iPhone Developer";
				CODE_SIGN_STYLE = Automatic;
				DEVELOPMENT_TEAM = "";
				INFOPLIST_FILE = "nogizaka-1/Info.plist";
				IPHONEOS_DEPLOYMENT_TARGET = 10.0;
				LD_RUNPATH_SEARCH_PATHS = "$(inherited) @executable_path/Frameworks";
				PRODUCT_BUNDLE_IDENTIFIER = "kenmikanproducts.nogizaka-1";
				PRODUCT_NAME = "$(TARGET_NAME)";
				PROVISIONING_PROFILE_SPECIFIER = "";
				SWIFT_VERSION = 4.0;
				TARGETED_DEVICE_FAMILY = "1,2";
			};
			name = Debug;
		};
		9631F20B200892BA00B91E93 /* Release */ = {
			isa = XCBuildConfiguration;
			buildSettings = {
				ASSETCATALOG_COMPILER_APPICON_NAME = AppIcon;
				"CODE_SIGN_IDENTITY[sdk=iphoneos*]" = "iPhone Developer";
				CODE_SIGN_STYLE = Automatic;
				DEVELOPMENT_TEAM = "";
				INFOPLIST_FILE = "nogizaka-1/Info.plist";
				IPHONEOS_DEPLOYMENT_TARGET = 10.0;
				LD_RUNPATH_SEARCH_PATHS = "$(inherited) @executable_path/Frameworks";
				PRODUCT_BUNDLE_IDENTIFIER = "kenmikanproducts.nogizaka-1";
				PRODUCT_NAME = "$(TARGET_NAME)";
				PROVISIONING_PROFILE_SPECIFIER = "";
				SWIFT_VERSION = 4.0;
				TARGETED_DEVICE_FAMILY = "1,2";
			};
			name = Release;
		};
		9631F20D200892BA00B91E93 /* Debug */ = {
			isa = XCBuildConfiguration;
			buildSettings = {
				ALWAYS_EMBED_SWIFT_STANDARD_LIBRARIES = YES;
				BUNDLE_LOADER = "$(TEST_HOST)";
				CODE_SIGN_STYLE = Automatic;
				INFOPLIST_FILE = "nogizaka-1Tests/Info.plist";
				LD_RUNPATH_SEARCH_PATHS = "$(inherited) @executable_path/Frameworks @loader_path/Frameworks";
				PRODUCT_BUNDLE_IDENTIFIER = "kenmikanproducts.nogizaka-1Tests";
				PRODUCT_NAME = "$(TARGET_NAME)";
				SWIFT_VERSION = 4.0;
				TARGETED_DEVICE_FAMILY = "1,2";
				TEST_HOST = "$(BUILT_PRODUCTS_DIR)/nogizaka-1.app/nogizaka-1";
			};
			name = Debug;
		};
		9631F20E200892BA00B91E93 /* Release */ = {
			isa = XCBuildConfiguration;
			buildSettings = {
				ALWAYS_EMBED_SWIFT_STANDARD_LIBRARIES = YES;
				BUNDLE_LOADER = "$(TEST_HOST)";
				CODE_SIGN_STYLE = Automatic;
				INFOPLIST_FILE = "nogizaka-1Tests/Info.plist";
				LD_RUNPATH_SEARCH_PATHS = "$(inherited) @executable_path/Frameworks @loader_path/Frameworks";
				PRODUCT_BUNDLE_IDENTIFIER = "kenmikanproducts.nogizaka-1Tests";
				PRODUCT_NAME = "$(TARGET_NAME)";
				SWIFT_VERSION = 4.0;
				TARGETED_DEVICE_FAMILY = "1,2";
				TEST_HOST = "$(BUILT_PRODUCTS_DIR)/nogizaka-1.app/nogizaka-1";
			};
			name = Release;
		};
		9631F210200892BA00B91E93 /* Debug */ = {
			isa = XCBuildConfiguration;
			buildSettings = {
				ALWAYS_EMBED_SWIFT_STANDARD_LIBRARIES = YES;
				CODE_SIGN_STYLE = Automatic;
				INFOPLIST_FILE = "nogizaka-1UITests/Info.plist";
				LD_RUNPATH_SEARCH_PATHS = "$(inherited) @executable_path/Frameworks @loader_path/Frameworks";
				PRODUCT_BUNDLE_IDENTIFIER = "kenmikanproducts.nogizaka-1UITests";
				PRODUCT_NAME = "$(TARGET_NAME)";
				SWIFT_VERSION = 4.0;
				TARGETED_DEVICE_FAMILY = "1,2";
				TEST_TARGET_NAME = "nogizaka-1";
			};
			name = Debug;
		};
		9631F211200892BA00B91E93 /* Release */ = {
			isa = XCBuildConfiguration;
			buildSettings = {
				ALWAYS_EMBED_SWIFT_STANDARD_LIBRARIES = YES;
				CODE_SIGN_STYLE = Automatic;
				INFOPLIST_FILE = "nogizaka-1UITests/Info.plist";
				LD_RUNPATH_SEARCH_PATHS = "$(inherited) @executable_path/Frameworks @loader_path/Frameworks";
				PRODUCT_BUNDLE_IDENTIFIER = "kenmikanproducts.nogizaka-1UITests";
				PRODUCT_NAME = "$(TARGET_NAME)";
				SWIFT_VERSION = 4.0;
				TARGETED_DEVICE_FAMILY = "1,2";
				TEST_TARGET_NAME = "nogizaka-1";
			};
			name = Release;
		};
/* End XCBuildConfiguration section */

/* Begin XCConfigurationList section */
		9631F1DC200892B900B91E93 /* Build configuration list for PBXProject "nogizaka-1" */ = {
			isa = XCConfigurationList;
			buildConfigurations = (
				9631F207200892BA00B91E93 /* Debug */,
				9631F208200892BA00B91E93 /* Release */,
			);
			defaultConfigurationIsVisible = 0;
			defaultConfigurationName = Release;
		};
		9631F209200892BA00B91E93 /* Build configuration list for PBXNativeTarget "nogizaka-1" */ = {
			isa = XCConfigurationList;
			buildConfigurations = (
				9631F20A200892BA00B91E93 /* Debug */,
				9631F20B200892BA00B91E93 /* Release */,
			);
			defaultConfigurationIsVisible = 0;
			defaultConfigurationName = Release;
		};
		9631F20C200892BA00B91E93 /* Build configuration list for PBXNativeTarget "nogizaka-1Tests" */ = {
			isa = XCConfigurationList;
			buildConfigurations = (
				9631F20D200892BA00B91E93 /* Debug */,
				9631F20E200892BA00B91E93 /* Release */,
			);
			defaultConfigurationIsVisible = 0;
			defaultConfigurationName = Release;
		};
		9631F20F200892BA00B91E93 /* Build configuration list for PBXNativeTarget "nogizaka-1UITests" */ = {
			isa = XCConfigurationList;
			buildConfigurations = (
				9631F210200892BA00B91E93 /* Debug */,
				9631F211200892BA00B91E93 /* Release */,
			);
			defaultConfigurationIsVisible = 0;
			defaultConfigurationName = Release;
		};
/* End XCConfigurationList section */
	};
	rootObject = 9631F1D9200892B900B91E93 /* Project object */;
}
